{
  "originHash" : "379584cf15cd39977e5ea1efeeccc2710054d6f0cc729a81d2aa72e1e5a14434",
  "pins" : [
    {
      "identity" : "alerttoast",
      "kind" : "remoteSourceControl",
      "location" : "https://github.com/elai950/AlertToast.git",
      "state" : {
        "revision" : "b39252eacd159904afd7d718bba0afabb87f2f2f",
        "version" : "1.3.9"
      }
    },
    {
      "identity" : "keychain-swift",
      "kind" : "remoteSourceControl",
      "location" : "https://github.com/evgenyneu/keychain-swift",
      "state" : {
        "revision" : "5e1b02b6a9dac2a759a1d5dbc175c86bd192a608",
        "version" : "24.0.0"
      }
    },
    {
      "identity" : "nuke",
      "kind" : "remoteSourceControl",
      "location" : "https://github.com/kean/Nuke.git",
      "state" : {
        "revision" : "0ead44350d2737db384908569c012fe67c421e4d",
        "version" : "12.8.0"
      }
    },
    {
      "identity" : "swiftsdk",
      "kind" : "remoteSourceControl",
      "location" : "https://github.com/TelemetryDeck/SwiftSDK",
      "state" : {
        "revision" : "a7fd1eb469589a3c8fd8cc3abe19b092b5d674dc",
        "version" : "2.9.4"
      }
    }
  ],
  "version" : 3
}
